
Microsoft Visual Studio Solution File, Format Version 12.00
# Visual Studio Version 16
VisualStudioVersion = 16.0.30330.147
MinimumVisualStudioVersion = 10.0.40219.1
Project("{FAE04EC0-301F-11D3-BF4B-00C04F79EFBC}") = "SGIncomeTax", "SGIncomeTax\SGIncomeTax.csproj", "{EEA63619-83B6-495E-AD55-3A6670A0EECC}"
EndProject
Global
	GlobalSection(SolutionConfigurationPlatforms) = preSolution
		Debug|Any CPU = Debug|Any CPU
		Release|Any CPU = Release|Any CPU
	EndGlobalSection
	GlobalSection(ProjectConfigurationPlatforms) = postSolution
		{EEA63619-83B6-495E-AD55-3A6670A0EECC}.Debug|Any CPU.ActiveCfg = Debug|Any CPU
		{EEA63619-83B6-495E-AD55-3A6670A0EECC}.Debug|Any CPU.Build.0 = Debug|Any CPU
		{EEA63619-83B6-495E-AD55-3A6670A0EECC}.Release|Any CPU.ActiveCfg = Release|Any CPU
		{EEA63619-83B6-495E-AD55-3A6670A0EECC}.Release|Any CPU.Build.0 = Release|Any CPU
	EndGlobalSection
	GlobalSection(SolutionProperties) = preSolution
		HideSolutionNode = FALSE
	EndGlobalSection
	GlobalSection(ExtensibilityGlobals) = postSolution
		SolutionGuid = {3DA07484-4A6B-437F-A804-B869911AD341}
	EndGlobalSection
EndGlobal
